
Microsoft Visual Studio Solution File, Format Version 11.00
# Visual Studio 2010
Project("{FAE04EC0-301F-11D3-BF4B-00C04F79EFBC}") = "Linccer.WindowsPhone", "LinccerApp.WindowsPhone\LinccerApp.WindowsPhone.csproj", "{44EFFC09-62F8-4CD6-8B07-778A8A1B53A5}"
EndProject
Project("{FAE04EC0-301F-11D3-BF4B-00C04F79EFBC}") = "LinccerApi.WindowsPhone", "..\..\linccer-dotnet\LinccerApi.WindowsPhone\LinccerApi.WindowsPhone.csproj", "{00908B21-9843-4FF2-BF62-9011ED68747D}"
EndProject
Global
	GlobalSection(SolutionConfigurationPlatforms) = preSolution
		Debug|Any CPU = Debug|Any CPU
		Release|Any CPU = Release|Any CPU
	EndGlobalSection
	GlobalSection(ProjectConfigurationPlatforms) = postSolution
		{44EFFC09-62F8-4CD6-8B07-778A8A1B53A5}.Debug|Any CPU.ActiveCfg = Debug|Any CPU
		{44EFFC09-62F8-4CD6-8B07-778A8A1B53A5}.Debug|Any CPU.Build.0 = Debug|Any CPU
		{44EFFC09-62F8-4CD6-8B07-778A8A1B53A5}.Debug|Any CPU.Deploy.0 = Debug|Any CPU
		{44EFFC09-62F8-4CD6-8B07-778A8A1B53A5}.Release|Any CPU.ActiveCfg = Release|Any CPU
		{44EFFC09-62F8-4CD6-8B07-778A8A1B53A5}.Release|Any CPU.Build.0 = Release|Any CPU
		{44EFFC09-62F8-4CD6-8B07-778A8A1B53A5}.Release|Any CPU.Deploy.0 = Release|Any CPU
		{00908B21-9843-4FF2-BF62-9011ED68747D}.Debug|Any CPU.ActiveCfg = Debug|Any CPU
		{00908B21-9843-4FF2-BF62-9011ED68747D}.Debug|Any CPU.Build.0 = Debug|Any CPU
		{00908B21-9843-4FF2-BF62-9011ED68747D}.Release|Any CPU.ActiveCfg = Release|Any CPU
		{00908B21-9843-4FF2-BF62-9011ED68747D}.Release|Any CPU.Build.0 = Release|Any CPU
	EndGlobalSection
	GlobalSection(SolutionProperties) = preSolution
		HideSolutionNode = FALSE
	EndGlobalSection
EndGlobal
